
Microsoft Visual Studio Solution File, Format Version 12.00
# Visual Studio 15
VisualStudioVersion = 15.0.27703.2035
MinimumVisualStudioVersion = 10.0.40219.1
Project("{FAE04EC0-301F-11D3-BF4B-00C04F79EFBC}") = "Lab3_BrianLiang", "Lab3_BrianLiang\Lab3_BrianLiang.csproj", "{4B5DB212-95DE-4823-8940-CB9626565FF7}"
EndProject
Global
	GlobalSection(SolutionConfigurationPlatforms) = preSolution
		Debug|Any CPU = Debug|Any CPU
		Release|Any CPU = Release|Any CPU
	EndGlobalSection
	GlobalSection(ProjectConfigurationPlatforms) = postSolution
		{4B5DB212-95DE-4823-8940-CB9626565FF7}.Debug|Any CPU.ActiveCfg = Debug|Any CPU
		{4B5DB212-95DE-4823-8940-CB9626565FF7}.Debug|Any CPU.Build.0 = Debug|Any CPU
		{4B5DB212-95DE-4823-8940-CB9626565FF7}.Release|Any CPU.ActiveCfg = Release|Any CPU
		{4B5DB212-95DE-4823-8940-CB9626565FF7}.Release|Any CPU.Build.0 = Release|Any CPU
	EndGlobalSection
	GlobalSection(SolutionProperties) = preSolution
		HideSolutionNode = FALSE
	EndGlobalSection
	GlobalSection(ExtensibilityGlobals) = postSolution
		SolutionGuid = {BE33172A-C6AC-4EC0-9C43-B13B3C3C0805}
	EndGlobalSection
EndGlobal
