
Microsoft Visual Studio Solution File, Format Version 12.00
# Visual Studio 15
VisualStudioVersion = 15.0.27703.2035
MinimumVisualStudioVersion = 10.0.40219.1
Project("{FAE04EC0-301F-11D3-BF4B-00C04F79EFBC}") = "Lab3_BrianLiang", "Lab3_BrianLiang\Lab3_BrianLiang.csproj", "{5B6BAB7F-53D6-426F-9253-A5D0A77370E4}"
EndProject
Global
	GlobalSection(SolutionConfigurationPlatforms) = preSolution
		Debug|Any CPU = Debug|Any CPU
		Release|Any CPU = Release|Any CPU
	EndGlobalSection
	GlobalSection(ProjectConfigurationPlatforms) = postSolution
		{5B6BAB7F-53D6-426F-9253-A5D0A77370E4}.Debug|Any CPU.ActiveCfg = Debug|Any CPU
		{5B6BAB7F-53D6-426F-9253-A5D0A77370E4}.Debug|Any CPU.Build.0 = Debug|Any CPU
		{5B6BAB7F-53D6-426F-9253-A5D0A77370E4}.Release|Any CPU.ActiveCfg = Release|Any CPU
		{5B6BAB7F-53D6-426F-9253-A5D0A77370E4}.Release|Any CPU.Build.0 = Release|Any CPU
	EndGlobalSection
	GlobalSection(SolutionProperties) = preSolution
		HideSolutionNode = FALSE
	EndGlobalSection
	GlobalSection(ExtensibilityGlobals) = postSolution
		SolutionGuid = {2798957B-864E-4D67-85CA-15C642A7247C}
	EndGlobalSection
EndGlobal
