
Microsoft Visual Studio Solution File, Format Version 12.00
# Visual Studio 15
VisualStudioVersion = 15.0.27703.2035
MinimumVisualStudioVersion = 10.0.40219.1
Project("{FAE04EC0-301F-11D3-BF4B-00C04F79EFBC}") = "Lab1_BrianLiang", "Lab1_BrianLiang\Lab1_BrianLiang.csproj", "{D332BCDD-F907-40F5-BD37-8B9340C6FA2E}"
EndProject
Global
	GlobalSection(SolutionConfigurationPlatforms) = preSolution
		Debug|Any CPU = Debug|Any CPU
		Release|Any CPU = Release|Any CPU
	EndGlobalSection
	GlobalSection(ProjectConfigurationPlatforms) = postSolution
		{D332BCDD-F907-40F5-BD37-8B9340C6FA2E}.Debug|Any CPU.ActiveCfg = Debug|Any CPU
		{D332BCDD-F907-40F5-BD37-8B9340C6FA2E}.Debug|Any CPU.Build.0 = Debug|Any CPU
		{D332BCDD-F907-40F5-BD37-8B9340C6FA2E}.Release|Any CPU.ActiveCfg = Release|Any CPU
		{D332BCDD-F907-40F5-BD37-8B9340C6FA2E}.Release|Any CPU.Build.0 = Release|Any CPU
	EndGlobalSection
	GlobalSection(SolutionProperties) = preSolution
		HideSolutionNode = FALSE
	EndGlobalSection
	GlobalSection(ExtensibilityGlobals) = postSolution
		SolutionGuid = {4DD62DB5-AF7B-4657-A200-2C71E87D157A}
	EndGlobalSection
EndGlobal
